// !$*UTF8*$!
{
	archiveVersion = 1;
	classes = {
	};
	objectVersion = 46;
	objects = {

/* Begin PBXBuildFile section */
		270AF5692135FBEA00197DF7 /* AppDelegate.swift in Sources */ = {isa = PBXBuildFile; fileRef = 270AF5682135FBEA00197DF7 /* AppDelegate.swift */; };
		270AF56B2135FBEA00197DF7 /* FirstViewController.swift in Sources */ = {isa = PBXBuildFile; fileRef = 270AF56A2135FBEA00197DF7 /* FirstViewController.swift */; };
		270AF56D2135FBEA00197DF7 /* SecondViewController.swift in Sources */ = {isa = PBXBuildFile; fileRef = 270AF56C2135FBEA00197DF7 /* SecondViewController.swift */; };
		270AF5702135FBEA00197DF7 /* Main.storyboard in Resources */ = {isa = PBXBuildFile; fileRef = 270AF56E2135FBEA00197DF7 /* Main.storyboard */; };
		270AF5722135FBEA00197DF7 /* Assets.xcassets in Resources */ = {isa = PBXBuildFile; fileRef = 270AF5712135FBEA00197DF7 /* Assets.xcassets */; };
		270AF5752135FBEA00197DF7 /* LaunchScreen.storyboard in Resources */ = {isa = PBXBuildFile; fileRef = 270AF5732135FBEA00197DF7 /* LaunchScreen.storyboard */; };
/* End PBXBuildFile section */

/* Begin PBXFileReference section */
		270AF5652135FBEA00197DF7 /* ClueStage1.app */ = {isa = PBXFileReference; explicitFileType = wrapper.application; includeInIndex = 0; path = ClueStage1.app; sourceTree = BUILT_PRODUCTS_DIR; };
		270AF5682135FBEA00197DF7 /* AppDelegate.swift */ = {isa = PBXFileReference; lastKnownFileType = sourcecode.swift; path = AppDelegate.swift; sourceTree = "<group>"; };
		270AF56A2135FBEA00197DF7 /* FirstViewController.swift */ = {isa = PBXFileReference; lastKnownFileType = sourcecode.swift; path = FirstViewController.swift; sourceTree = "<group>"; };
		270AF56C2135FBEA00197DF7 /* SecondViewController.swift */ = {isa = PBXFileReference; lastKnownFileType = sourcecode.swift; path = SecondViewController.swift; sourceTree = "<group>"; };
		270AF56F2135FBEA00197DF7 /* Base */ = {isa = PBXFileReference; lastKnownFileType = file.storyboard; name = Base; path = Base.lproj/Main.storyboard; sourceTree = "<group>"; };
		270AF5712135FBEA00197DF7 /* Assets.xcassets */ = {isa = PBXFileReference; lastKnownFileType = folder.assetcatalog; path = Assets.xcassets; sourceTree = "<group>"; };
		270AF5742135FBEA00197DF7 /* Base */ = {isa = PBXFileReference; lastKnownFileType = file.storyboard; name = Base; path = Base.lproj/LaunchScreen.storyboard; sourceTree = "<group>"; };
		270AF5762135FBEA00197DF7 /* Info.plist */ = {isa = PBXFileReference; lastKnownFileType = text.plist.xml; path = Info.plist; sourceTree = "<group>"; };
/* End PBXFileReference section */

/* Begin PBXFrameworksBuildPhase section */
		270AF5622135FBEA00197DF7 /* Frameworks */ = {
			isa = PBXFrameworksBuildPhase;
			buildActionMask = 2147483647;
			files = (
			);
			runOnlyForDeploymentPostprocessing = 0;
		};
/* End PBXFrameworksBuildPhase section */

/* Begin PBXGroup section */
		270AF55C2135FBEA00197DF7 = {
			isa = PBXGroup;
			children = (
				270AF5672135FBEA00197DF7 /* ClueStage1 */,
				270AF5662135FBEA00197DF7 /* Products */,
			);
			sourceTree = "<group>";
		};
		270AF5662135FBEA00197DF7 /* Products */ = {
			isa = PBXGroup;
			children = (
				270AF5652135FBEA00197DF7 /* ClueStage1.app */,
			);
			name = Products;
			sourceTree = "<group>";
		};
		270AF5672135FBEA00197DF7 /* ClueStage1 */ = {
			isa = PBXGroup;
			children = (
				270AF5682135FBEA00197DF7 /* AppDelegate.swift */,
				270AF56A2135FBEA00197DF7 /* FirstViewController.swift */,
				270AF56C2135FBEA00197DF7 /* SecondViewController.swift */,
				270AF56E2135FBEA00197DF7 /* Main.storyboard */,
				270AF5712135FBEA00197DF7 /* Assets.xcassets */,
				270AF5732135FBEA00197DF7 /* LaunchScreen.storyboard */,
				270AF5762135FBEA00197DF7 /* Info.plist */,
			);
			path = ClueStage1;
			sourceTree = "<group>";
		};
/* End PBXGroup section */

/* Begin PBXNativeTarget section */
		270AF5642135FBEA00197DF7 /* ClueStage1 */ = {
			isa = PBXNativeTarget;
			buildConfigurationList = 270AF5792135FBEA00197DF7 /* Build configuration list for PBXNativeTarget "ClueStage1" */;
			buildPhases = (
				270AF5612135FBEA00197DF7 /* Sources */,
				270AF5622135FBEA00197DF7 /* Frameworks */,
				270AF5632135FBEA00197DF7 /* Resources */,
			);
			buildRules = (
			);
			dependencies = (
			);
			name = ClueStage1;
			productName = ClueStage1;
			productReference = 270AF5652135FBEA00197DF7 /* ClueStage1.app */;
			productType = "com.apple.product-type.application";
		};
/* End PBXNativeTarget section */

/* Begin PBXProject section */
		270AF55D2135FBEA00197DF7 /* Project object */ = {
			isa = PBXProject;
			attributes = {
				LastSwiftUpdateCheck = 0820;
				LastUpgradeCheck = 0820;
				ORGANIZATIONNAME = Zack;
				TargetAttributes = {
					270AF5642135FBEA00197DF7 = {
						CreatedOnToolsVersion = 8.2.1;
						ProvisioningStyle = Automatic;
					};
				};
			};
			buildConfigurationList = 270AF5602135FBEA00197DF7 /* Build configuration list for PBXProject "ClueStage1" */;
			compatibilityVersion = "Xcode 3.2";
			developmentRegion = English;
			hasScannedForEncodings = 0;
			knownRegions = (
				en,
				Base,
			);
			mainGroup = 270AF55C2135FBEA00197DF7;
			productRefGroup = 270AF5662135FBEA00197DF7 /* Products */;
			projectDirPath = "";
			projectRoot = "";
			targets = (
				270AF5642135FBEA00197DF7 /* ClueStage1 */,
			);
		};
/* End PBXProject section */

/* Begin PBXResourcesBuildPhase section */
		270AF5632135FBEA00197DF7 /* Resources */ = {
			isa = PBXResourcesBuildPhase;
			buildActionMask = 2147483647;
			files = (
				270AF5752135FBEA00197DF7 /* LaunchScreen.storyboard in Resources */,
				270AF5722135FBEA00197DF7 /* Assets.xcassets in Resources */,
				270AF5702135FBEA00197DF7 /* Main.storyboard in Resources */,
			);
			runOnlyForDeploymentPostprocessing = 0;
		};
/* End PBXResourcesBuildPhase section */

/* Begin PBXSourcesBuildPhase section */
		270AF5612135FBEA00197DF7 /* Sources */ = {
			isa = PBXSourcesBuildPhase;
			buildActionMask = 2147483647;
			files = (
				270AF56D2135FBEA00197DF7 /* SecondViewController.swift in Sources */,
				270AF5692135FBEA00197DF7 /* AppDelegate.swift in Sources */,
				270AF56B2135FBEA00197DF7 /* FirstViewController.swift in Sources */,
			);
			runOnlyForDeploymentPostprocessing = 0;
		};
/* End PBXSourcesBuildPhase section */

/* Begin PBXVariantGroup section */
		270AF56E2135FBEA00197DF7 /* Main.storyboard */ = {
			isa = PBXVariantGroup;
			children = (
				270AF56F2135FBEA00197DF7 /* Base */,
			);
			name = Main.storyboard;
			sourceTree = "<group>";
		};
		270AF5732135FBEA00197DF7 /* LaunchScreen.storyboard */ = {
			isa = PBXVariantGroup;
			children = (
				270AF5742135FBEA00197DF7 /* Base */,
			);
			name = LaunchScreen.storyboard;
			sourceTree = "<group>";
		};
/* End PBXVariantGroup section */

/* Begin XCBuildConfiguration section */
		270AF5772135FBEA00197DF7 /* Debug */ = {
			isa = XCBuildConfiguration;
			buildSettings = {
				ALWAYS_SEARCH_USER_PATHS = NO;
				CLANG_ANALYZER_NONNULL = YES;
				CLANG_CXX_LANGUAGE_STANDARD = "gnu++0x";
				CLANG_CXX_LIBRARY = "libc++";
				CLANG_ENABLE_MODULES = YES;
				CLANG_ENABLE_OBJC_ARC = YES;
				CLANG_WARN_BOOL_CONVERSION = YES;
				CLANG_WARN_CONSTANT_CONVERSION = YES;
				CLANG_WARN_DIRECT_OBJC_ISA_USAGE = YES_ERROR;
				CLANG_WARN_DOCUMENTATION_COMMENTS = YES;
				CLANG_WARN_EMPTY_BODY = YES;
				CLANG_WARN_ENUM_CONVERSION = YES;
				CLANG_WARN_INFINITE_RECURSION = YES;
				CLANG_WARN_INT_CONVERSION = YES;
				CLANG_WARN_OBJC_ROOT_CLASS = YES_ERROR;
				CLANG_WARN_SUSPICIOUS_MOVE = YES;
				CLANG_WARN_UNREACHABLE_CODE = YES;
				CLANG_WARN__DUPLICATE_METHOD_MATCH = YES;
				"CODE_SIGN_IDENTITY[sdk=iphoneos*]" = "iPhone Developer";
				COPY_PHASE_STRIP = NO;
				DEBUG_INFORMATION_FORMAT = dwarf;
				ENABLE_STRICT_OBJC_MSGSEND = YES;
				ENABLE_TESTABILITY = YES;
				GCC_C_LANGUAGE_STANDARD = gnu99;
				GCC_DYNAMIC_NO_PIC = NO;
				GCC_NO_COMMON_BLOCKS = YES;
				GCC_OPTIMIZATION_LEVEL = 0;
				GCC_PREPROCESSOR_DEFINITIONS = (
					"DEBUG=1",
					"$(inherited)",
				);
				GCC_WARN_64_TO_32_BIT_CONVERSION = YES;
				GCC_WARN_ABOUT_RETURN_TYPE = YES_ERROR;
				GCC_WARN_UNDECLARED_SELECTOR = YES;
				GCC_WARN_UNINITIALIZED_AUTOS = YES_AGGRESSIVE;
				GCC_WARN_UNUSED_FUNCTION = YES;
				GCC_WARN_UNUSED_VARIABLE = YES;
				IPHONEOS_DEPLOYMENT_TARGET = 10.2;
				MTL_ENABLE_DEBUG_INFO = YES;
				ONLY_ACTIVE_ARCH = YES;
				SDKROOT = iphoneos;
				SWIFT_ACTIVE_COMPILATION_CONDITIONS = DEBUG;
				SWIFT_OPTIMIZATION_LEVEL = "-Onone";
			};
			name = Debug;
		};
		270AF5782135FBEA00197DF7 /* Release */ = {
			isa = XCBuildConfiguration;
			buildSettings = {
				ALWAYS_SEARCH_USER_PATHS = NO;
				CLANG_ANALYZER_NONNULL = YES;
				CLANG_CXX_LANGUAGE_STANDARD = "gnu++0x";
				CLANG_CXX_LIBRARY = "libc++";
				CLANG_ENABLE_MODULES = YES;
				CLANG_ENABLE_OBJC_ARC = YES;
				CLANG_WARN_BOOL_CONVERSION = YES;
				CLANG_WARN_CONSTANT_CONVERSION = YES;
				CLANG_WARN_DIRECT_OBJC_ISA_USAGE = YES_ERROR;
				CLANG_WARN_DOCUMENTATION_COMMENTS = YES;
				CLANG_WARN_EMPTY_BODY = YES;
				CLANG_WARN_ENUM_CONVERSION = YES;
				CLANG_WARN_INFINITE_RECURSION = YES;
				CLANG_WARN_INT_CONVERSION = YES;
				CLANG_WARN_OBJC_ROOT_CLASS = YES_ERROR;
				CLANG_WARN_SUSPICIOUS_MOVE = YES;
				CLANG_WARN_UNREACHABLE_CODE = YES;
				CLANG_WARN__DUPLICATE_METHOD_MATCH = YES;
				"CODE_SIGN_IDENTITY[sdk=iphoneos*]" = "iPhone Developer";
				COPY_PHASE_STRIP = NO;
				DEBUG_INFORMATION_FORMAT = "dwarf-with-dsym";
				ENABLE_NS_ASSERTIONS = NO;
				ENABLE_STRICT_OBJC_MSGSEND = YES;
				GCC_C_LANGUAGE_STANDARD = gnu99;
				GCC_NO_COMMON_BLOCKS = YES;
				GCC_WARN_64_TO_32_BIT_CONVERSION = YES;
				GCC_WARN_ABOUT_RETURN_TYPE = YES_ERROR;
				GCC_WARN_UNDECLARED_SELECTOR = YES;
				GCC_WARN_UNINITIALIZED_AUTOS = YES_AGGRESSIVE;
				GCC_WARN_UNUSED_FUNCTION = YES;
				GCC_WARN_UNUSED_VARIABLE = YES;
				IPHONEOS_DEPLOYMENT_TARGET = 10.2;
				MTL_ENABLE_DEBUG_INFO = NO;
				SDKROOT = iphoneos;
				SWIFT_OPTIMIZATION_LEVEL = "-Owholemodule";
				VALIDATE_PRODUCT = YES;
			};
			name = Release;
		};
		270AF57A2135FBEA00197DF7 /* Debug */ = {
			isa = XCBuildConfiguration;
			buildSettings = {
				ASSETCATALOG_COMPILER_APPICON_NAME = AppIcon;
				INFOPLIST_FILE = ClueStage1/Info.plist;
				LD_RUNPATH_SEARCH_PATHS = "$(inherited) @executable_path/Frameworks";
				PRODUCT_BUNDLE_IDENTIFIER = com.Zack.ClueStage1;
				PRODUCT_NAME = "$(TARGET_NAME)";
				SWIFT_VERSION = 3.0;
			};
			name = Debug;
		};
		270AF57B2135FBEA00197DF7 /* Release */ = {
			isa = XCBuildConfiguration;
			buildSettings = {
				ASSETCATALOG_COMPILER_APPICON_NAME = AppIcon;
				INFOPLIST_FILE = ClueStage1/Info.plist;
				LD_RUNPATH_SEARCH_PATHS = "$(inherited) @executable_path/Frameworks";
				PRODUCT_BUNDLE_IDENTIFIER = com.Zack.ClueStage1;
				PRODUCT_NAME = "$(TARGET_NAME)";
				SWIFT_VERSION = 3.0;
			};
			name = Release;
		};
/* End XCBuildConfiguration section */

/* Begin XCConfigurationList section */
		270AF5602135FBEA00197DF7 /* Build configuration list for PBXProject "ClueStage1" */ = {
			isa = XCConfigurationList;
			buildConfigurations = (
				270AF5772135FBEA00197DF7 /* Debug */,
				270AF5782135FBEA00197DF7 /* Release */,
			);
			defaultConfigurationIsVisible = 0;
			defaultConfigurationName = Release;
		};
		270AF5792135FBEA00197DF7 /* Build configuration list for PBXNativeTarget "ClueStage1" */ = {
			isa = XCConfigurationList;
			buildConfigurations = (
				270AF57A2135FBEA00197DF7 /* Debug */,
				270AF57B2135FBEA00197DF7 /* Release */,
			);
			defaultConfigurationIsVisible = 0;
		};
/* End XCConfigurationList section */
	};
	rootObject = 270AF55D2135FBEA00197DF7 /* Project object */;
}
